
Microsoft Visual Studio Solution File, Format Version 12.00
# Visual Studio 14
VisualStudioVersion = 14.0.22823.1
MinimumVisualStudioVersion = 10.0.40219.1
Project("{FAE04EC0-301F-11D3-BF4B-00C04F79EFBC}") = "MPTanks.ModCompiler", "MPTanks.ModCompiler.csproj", "{20F4F3B5-47D4-4C8E-A318-53C46F40B434}"
EndProject
Project("{FAE04EC0-301F-11D3-BF4B-00C04F79EFBC}") = "Engine", "..\..\MPTanks-MK5\Engine\Engine.csproj", "{3D9A65BD-CC42-4A73-8816-3E01E0C4B09F}"
EndProject
Project("{FAE04EC0-301F-11D3-BF4B-00C04F79EFBC}") = "Modding", "..\..\MPTanks-MK5\Modding\Modding.csproj", "{3A8512C9-59E4-4312-A718-F47F40A5F494}"
EndProject
Global
	GlobalSection(SolutionConfigurationPlatforms) = preSolution
		Debug|Any CPU = Debug|Any CPU
		Release|Any CPU = Release|Any CPU
	EndGlobalSection
	GlobalSection(ProjectConfigurationPlatforms) = postSolution
		{20F4F3B5-47D4-4C8E-A318-53C46F40B434}.Debug|Any CPU.ActiveCfg = Debug|Any CPU
		{20F4F3B5-47D4-4C8E-A318-53C46F40B434}.Debug|Any CPU.Build.0 = Debug|Any CPU
		{20F4F3B5-47D4-4C8E-A318-53C46F40B434}.Release|Any CPU.ActiveCfg = Release|Any CPU
		{20F4F3B5-47D4-4C8E-A318-53C46F40B434}.Release|Any CPU.Build.0 = Release|Any CPU
		{3D9A65BD-CC42-4A73-8816-3E01E0C4B09F}.Debug|Any CPU.ActiveCfg = Debug|Any CPU
		{3D9A65BD-CC42-4A73-8816-3E01E0C4B09F}.Debug|Any CPU.Build.0 = Debug|Any CPU
		{3D9A65BD-CC42-4A73-8816-3E01E0C4B09F}.Release|Any CPU.ActiveCfg = Release|Any CPU
		{3D9A65BD-CC42-4A73-8816-3E01E0C4B09F}.Release|Any CPU.Build.0 = Release|Any CPU
		{3A8512C9-59E4-4312-A718-F47F40A5F494}.Debug|Any CPU.ActiveCfg = Debug|Any CPU
		{3A8512C9-59E4-4312-A718-F47F40A5F494}.Debug|Any CPU.Build.0 = Debug|Any CPU
		{3A8512C9-59E4-4312-A718-F47F40A5F494}.Release|Any CPU.ActiveCfg = Release|Any CPU
		{3A8512C9-59E4-4312-A718-F47F40A5F494}.Release|Any CPU.Build.0 = Release|Any CPU
	EndGlobalSection
	GlobalSection(SolutionProperties) = preSolution
		HideSolutionNode = FALSE
	EndGlobalSection
EndGlobal
