
Microsoft Visual Studio Solution File, Format Version 12.00
# Visual Studio 14
VisualStudioVersion = 14.0.22823.1
MinimumVisualStudioVersion = 10.0.40219.1
Project("{2150E333-8FDC-42A3-9474-1A3956D46DE8}") = "src", "src", "{0AD55639-0C75-41EF-BAA0-A6F565AA3A4E}"
EndProject
Project("{2150E333-8FDC-42A3-9474-1A3956D46DE8}") = "Solution Items", "Solution Items", "{7CB23443-12F7-4A95-AC04-CD05B0AC6ADE}"
	ProjectSection(SolutionItems) = preProject
		global.json = global.json
	EndProjectSection
EndProject
Project("{8BB2217D-0F2D-49D1-97BC-3654ED321F3B}") = "LoginServer", "src\LoginServer\LoginServer.xproj", "{69E1DD52-6DEA-4462-8359-8C461369C874}"
EndProject
Global
	GlobalSection(SolutionConfigurationPlatforms) = preSolution
		Debug|Any CPU = Debug|Any CPU
		Release|Any CPU = Release|Any CPU
	EndGlobalSection
	GlobalSection(ProjectConfigurationPlatforms) = postSolution
		{69E1DD52-6DEA-4462-8359-8C461369C874}.Debug|Any CPU.ActiveCfg = Debug|Any CPU
		{69E1DD52-6DEA-4462-8359-8C461369C874}.Debug|Any CPU.Build.0 = Debug|Any CPU
		{69E1DD52-6DEA-4462-8359-8C461369C874}.Release|Any CPU.ActiveCfg = Release|Any CPU
		{69E1DD52-6DEA-4462-8359-8C461369C874}.Release|Any CPU.Build.0 = Release|Any CPU
	EndGlobalSection
	GlobalSection(SolutionProperties) = preSolution
		HideSolutionNode = FALSE
	EndGlobalSection
	GlobalSection(NestedProjects) = preSolution
		{69E1DD52-6DEA-4462-8359-8C461369C874} = {0AD55639-0C75-41EF-BAA0-A6F565AA3A4E}
	EndGlobalSection
EndGlobal
