
Microsoft Visual Studio Solution File, Format Version 12.00
# Visual Studio 14
VisualStudioVersion = 14.0.22823.1
MinimumVisualStudioVersion = 10.0.40219.1
Project("{FAE04EC0-301F-11D3-BF4B-00C04F79EFBC}") = "GameSandbox", "Client\GameSandbox\GameSandbox.csproj", "{1AA033D4-C1B0-4653-BA2F-672A79B207CE}"
EndProject
Project("{FAE04EC0-301F-11D3-BF4B-00C04F79EFBC}") = "Engine", "Engine\Engine.csproj", "{3D9A65BD-CC42-4A73-8816-3E01E0C4B09F}"
EndProject
Project("{2150E333-8FDC-42A3-9474-1A3956D46DE8}") = "Networking", "Networking", "{C8E25003-9BC6-4807-8909-01E937A235D5}"
EndProject
Project("{FAE04EC0-301F-11D3-BF4B-00C04F79EFBC}") = "Server", "Networking\Server\Server.csproj", "{6A9A39B2-3BDA-4BE0-98A4-6F2AB3F51B7F}"
EndProject
Project("{FAE04EC0-301F-11D3-BF4B-00C04F79EFBC}") = "Client", "Networking\Client\Client.csproj", "{2F77B6CE-2D2D-4E67-A7BD-38E896A52931}"
EndProject
Project("{FAE04EC0-301F-11D3-BF4B-00C04F79EFBC}") = "Common", "Networking\Common\Common.csproj", "{EF7D12D4-A2B8-47C6-B93D-5264191892C8}"
EndProject
Project("{FAE04EC0-301F-11D3-BF4B-00C04F79EFBC}") = "DedicatedServer", "DedicatedServer\DedicatedServer.csproj", "{CF9FA3A5-E8E8-45FD-A12C-29C56703AFED}"
EndProject
Project("{2150E333-8FDC-42A3-9474-1A3956D46DE8}") = "ThirdParty", "ThirdParty", "{FBF79749-6EAB-4021-96DE-8330D74F54EE}"
EndProject
Project("{FAE04EC0-301F-11D3-BF4B-00C04F79EFBC}") = "Starbound.Input", "ThirdParty\Starbound.Input-3.18.2015\Starbound.Input\Starbound.Input.csproj", "{44C828D4-02D6-413C-BFED-3BF72AA9322E}"
EndProject
Project("{FAE04EC0-301F-11D3-BF4B-00C04F79EFBC}") = "Modding", "Modding\Modding.csproj", "{3A8512C9-59E4-4312-A718-F47F40A5F494}"
EndProject
Project("{FAE04EC0-301F-11D3-BF4B-00C04F79EFBC}") = "CoreAssets", "CoreAssets\CoreAssets.csproj", "{3FA1FB15-E7EF-44A3-A4FA-DFFC33F85417}"
EndProject
Project("{FAE04EC0-301F-11D3-BF4B-00C04F79EFBC}") = "_Client", "Client\Client\_Client.csproj", "{600EB8F7-0534-459E-9C8A-6D7FBA0EB82B}"
EndProject
Project("{FAE04EC0-301F-11D3-BF4B-00C04F79EFBC}") = "Strings", "Strings\Strings.csproj", "{65A6037C-A629-4884-A94E-E91B4591AA45}"
EndProject
Project("{FAE04EC0-301F-11D3-BF4B-00C04F79EFBC}") = "Backend", "Client\Backend\Backend.csproj", "{9845AA6F-4B25-4685-9554-148376A73561}"
EndProject
Project("{FAE04EC0-301F-11D3-BF4B-00C04F79EFBC}") = "LinuxBootstrap", "Client\LinuxBootstrap\LinuxBootstrap.csproj", "{DA9AA2D5-19C7-4F1C-82FA-7396A6F84668}"
EndProject
Project("{2150E333-8FDC-42A3-9474-1A3956D46DE8}") = "MPTanks", "MPTanks", "{3B688834-9A51-4C86-B1B5-40F5B9F9CC74}"
EndProject
Project("{2150E333-8FDC-42A3-9474-1A3956D46DE8}") = "Client", "Client", "{C22E2827-1085-47A2-AC30-512CCED6ED54}"
EndProject
Global
	GlobalSection(SolutionConfigurationPlatforms) = preSolution
		Debug|Any CPU = Debug|Any CPU
		Debug|Mixed Platforms = Debug|Mixed Platforms
		Debug|x86 = Debug|x86
		Release|Any CPU = Release|Any CPU
		Release|Mixed Platforms = Release|Mixed Platforms
		Release|x86 = Release|x86
	EndGlobalSection
	GlobalSection(ProjectConfigurationPlatforms) = postSolution
		{1AA033D4-C1B0-4653-BA2F-672A79B207CE}.Debug|Any CPU.ActiveCfg = Debug|Any CPU
		{1AA033D4-C1B0-4653-BA2F-672A79B207CE}.Debug|Any CPU.Build.0 = Debug|Any CPU
		{1AA033D4-C1B0-4653-BA2F-672A79B207CE}.Debug|Mixed Platforms.ActiveCfg = Debug|Any CPU
		{1AA033D4-C1B0-4653-BA2F-672A79B207CE}.Debug|Mixed Platforms.Build.0 = Debug|Any CPU
		{1AA033D4-C1B0-4653-BA2F-672A79B207CE}.Debug|x86.ActiveCfg = Debug|x86
		{1AA033D4-C1B0-4653-BA2F-672A79B207CE}.Debug|x86.Build.0 = Debug|x86
		{1AA033D4-C1B0-4653-BA2F-672A79B207CE}.Release|Any CPU.ActiveCfg = Release|Any CPU
		{1AA033D4-C1B0-4653-BA2F-672A79B207CE}.Release|Any CPU.Build.0 = Release|Any CPU
		{1AA033D4-C1B0-4653-BA2F-672A79B207CE}.Release|Mixed Platforms.ActiveCfg = Release|Any CPU
		{1AA033D4-C1B0-4653-BA2F-672A79B207CE}.Release|Mixed Platforms.Build.0 = Release|Any CPU
		{1AA033D4-C1B0-4653-BA2F-672A79B207CE}.Release|x86.ActiveCfg = Release|x86
		{1AA033D4-C1B0-4653-BA2F-672A79B207CE}.Release|x86.Build.0 = Release|x86
		{3D9A65BD-CC42-4A73-8816-3E01E0C4B09F}.Debug|Any CPU.ActiveCfg = Debug|Any CPU
		{3D9A65BD-CC42-4A73-8816-3E01E0C4B09F}.Debug|Any CPU.Build.0 = Debug|Any CPU
		{3D9A65BD-CC42-4A73-8816-3E01E0C4B09F}.Debug|Mixed Platforms.ActiveCfg = Debug|Any CPU
		{3D9A65BD-CC42-4A73-8816-3E01E0C4B09F}.Debug|Mixed Platforms.Build.0 = Debug|Any CPU
		{3D9A65BD-CC42-4A73-8816-3E01E0C4B09F}.Debug|x86.ActiveCfg = Debug|Any CPU
		{3D9A65BD-CC42-4A73-8816-3E01E0C4B09F}.Release|Any CPU.ActiveCfg = Release|Any CPU
		{3D9A65BD-CC42-4A73-8816-3E01E0C4B09F}.Release|Any CPU.Build.0 = Release|Any CPU
		{3D9A65BD-CC42-4A73-8816-3E01E0C4B09F}.Release|Mixed Platforms.ActiveCfg = Release|Any CPU
		{3D9A65BD-CC42-4A73-8816-3E01E0C4B09F}.Release|Mixed Platforms.Build.0 = Release|Any CPU
		{3D9A65BD-CC42-4A73-8816-3E01E0C4B09F}.Release|x86.ActiveCfg = Release|Any CPU
		{3D9A65BD-CC42-4A73-8816-3E01E0C4B09F}.Release|x86.Build.0 = Release|Any CPU
		{6A9A39B2-3BDA-4BE0-98A4-6F2AB3F51B7F}.Debug|Any CPU.ActiveCfg = Debug|Any CPU
		{6A9A39B2-3BDA-4BE0-98A4-6F2AB3F51B7F}.Debug|Any CPU.Build.0 = Debug|Any CPU
		{6A9A39B2-3BDA-4BE0-98A4-6F2AB3F51B7F}.Debug|Mixed Platforms.ActiveCfg = Debug|Any CPU
		{6A9A39B2-3BDA-4BE0-98A4-6F2AB3F51B7F}.Debug|Mixed Platforms.Build.0 = Debug|Any CPU
		{6A9A39B2-3BDA-4BE0-98A4-6F2AB3F51B7F}.Debug|x86.ActiveCfg = Debug|Any CPU
		{6A9A39B2-3BDA-4BE0-98A4-6F2AB3F51B7F}.Release|Any CPU.ActiveCfg = Release|Any CPU
		{6A9A39B2-3BDA-4BE0-98A4-6F2AB3F51B7F}.Release|Any CPU.Build.0 = Release|Any CPU
		{6A9A39B2-3BDA-4BE0-98A4-6F2AB3F51B7F}.Release|Mixed Platforms.ActiveCfg = Release|Any CPU
		{6A9A39B2-3BDA-4BE0-98A4-6F2AB3F51B7F}.Release|Mixed Platforms.Build.0 = Release|Any CPU
		{6A9A39B2-3BDA-4BE0-98A4-6F2AB3F51B7F}.Release|x86.ActiveCfg = Release|Any CPU
		{6A9A39B2-3BDA-4BE0-98A4-6F2AB3F51B7F}.Release|x86.Build.0 = Release|Any CPU
		{2F77B6CE-2D2D-4E67-A7BD-38E896A52931}.Debug|Any CPU.ActiveCfg = Debug|Any CPU
		{2F77B6CE-2D2D-4E67-A7BD-38E896A52931}.Debug|Any CPU.Build.0 = Debug|Any CPU
		{2F77B6CE-2D2D-4E67-A7BD-38E896A52931}.Debug|Mixed Platforms.ActiveCfg = Debug|Any CPU
		{2F77B6CE-2D2D-4E67-A7BD-38E896A52931}.Debug|Mixed Platforms.Build.0 = Debug|Any CPU
		{2F77B6CE-2D2D-4E67-A7BD-38E896A52931}.Debug|x86.ActiveCfg = Debug|Any CPU
		{2F77B6CE-2D2D-4E67-A7BD-38E896A52931}.Release|Any CPU.ActiveCfg = Release|Any CPU
		{2F77B6CE-2D2D-4E67-A7BD-38E896A52931}.Release|Any CPU.Build.0 = Release|Any CPU
		{2F77B6CE-2D2D-4E67-A7BD-38E896A52931}.Release|Mixed Platforms.ActiveCfg = Release|Any CPU
		{2F77B6CE-2D2D-4E67-A7BD-38E896A52931}.Release|Mixed Platforms.Build.0 = Release|Any CPU
		{2F77B6CE-2D2D-4E67-A7BD-38E896A52931}.Release|x86.ActiveCfg = Release|Any CPU
		{2F77B6CE-2D2D-4E67-A7BD-38E896A52931}.Release|x86.Build.0 = Release|Any CPU
		{EF7D12D4-A2B8-47C6-B93D-5264191892C8}.Debug|Any CPU.ActiveCfg = Debug|Any CPU
		{EF7D12D4-A2B8-47C6-B93D-5264191892C8}.Debug|Any CPU.Build.0 = Debug|Any CPU
		{EF7D12D4-A2B8-47C6-B93D-5264191892C8}.Debug|Mixed Platforms.ActiveCfg = Debug|Any CPU
		{EF7D12D4-A2B8-47C6-B93D-5264191892C8}.Debug|Mixed Platforms.Build.0 = Debug|Any CPU
		{EF7D12D4-A2B8-47C6-B93D-5264191892C8}.Debug|x86.ActiveCfg = Debug|Any CPU
		{EF7D12D4-A2B8-47C6-B93D-5264191892C8}.Release|Any CPU.ActiveCfg = Release|Any CPU
		{EF7D12D4-A2B8-47C6-B93D-5264191892C8}.Release|Any CPU.Build.0 = Release|Any CPU
		{EF7D12D4-A2B8-47C6-B93D-5264191892C8}.Release|Mixed Platforms.ActiveCfg = Release|Any CPU
		{EF7D12D4-A2B8-47C6-B93D-5264191892C8}.Release|Mixed Platforms.Build.0 = Release|Any CPU
		{EF7D12D4-A2B8-47C6-B93D-5264191892C8}.Release|x86.ActiveCfg = Release|Any CPU
		{EF7D12D4-A2B8-47C6-B93D-5264191892C8}.Release|x86.Build.0 = Release|Any CPU
		{CF9FA3A5-E8E8-45FD-A12C-29C56703AFED}.Debug|Any CPU.ActiveCfg = Debug|Any CPU
		{CF9FA3A5-E8E8-45FD-A12C-29C56703AFED}.Debug|Any CPU.Build.0 = Debug|Any CPU
		{CF9FA3A5-E8E8-45FD-A12C-29C56703AFED}.Debug|Mixed Platforms.ActiveCfg = Debug|Any CPU
		{CF9FA3A5-E8E8-45FD-A12C-29C56703AFED}.Debug|Mixed Platforms.Build.0 = Debug|Any CPU
		{CF9FA3A5-E8E8-45FD-A12C-29C56703AFED}.Debug|x86.ActiveCfg = Debug|Any CPU
		{CF9FA3A5-E8E8-45FD-A12C-29C56703AFED}.Release|Any CPU.ActiveCfg = Release|Any CPU
		{CF9FA3A5-E8E8-45FD-A12C-29C56703AFED}.Release|Any CPU.Build.0 = Release|Any CPU
		{CF9FA3A5-E8E8-45FD-A12C-29C56703AFED}.Release|Mixed Platforms.ActiveCfg = Release|Any CPU
		{CF9FA3A5-E8E8-45FD-A12C-29C56703AFED}.Release|Mixed Platforms.Build.0 = Release|Any CPU
		{CF9FA3A5-E8E8-45FD-A12C-29C56703AFED}.Release|x86.ActiveCfg = Release|Any CPU
		{CF9FA3A5-E8E8-45FD-A12C-29C56703AFED}.Release|x86.Build.0 = Release|Any CPU
		{44C828D4-02D6-413C-BFED-3BF72AA9322E}.Debug|Any CPU.ActiveCfg = Debug|Any CPU
		{44C828D4-02D6-413C-BFED-3BF72AA9322E}.Debug|Any CPU.Build.0 = Debug|Any CPU
		{44C828D4-02D6-413C-BFED-3BF72AA9322E}.Debug|Mixed Platforms.ActiveCfg = Debug|Any CPU
		{44C828D4-02D6-413C-BFED-3BF72AA9322E}.Debug|Mixed Platforms.Build.0 = Debug|Any CPU
		{44C828D4-02D6-413C-BFED-3BF72AA9322E}.Debug|x86.ActiveCfg = Debug|x86
		{44C828D4-02D6-413C-BFED-3BF72AA9322E}.Debug|x86.Build.0 = Debug|x86
		{44C828D4-02D6-413C-BFED-3BF72AA9322E}.Release|Any CPU.ActiveCfg = Release|Any CPU
		{44C828D4-02D6-413C-BFED-3BF72AA9322E}.Release|Any CPU.Build.0 = Release|Any CPU
		{44C828D4-02D6-413C-BFED-3BF72AA9322E}.Release|Mixed Platforms.ActiveCfg = Debug|Any CPU
		{44C828D4-02D6-413C-BFED-3BF72AA9322E}.Release|Mixed Platforms.Build.0 = Debug|Any CPU
		{44C828D4-02D6-413C-BFED-3BF72AA9322E}.Release|x86.ActiveCfg = Release|x86
		{44C828D4-02D6-413C-BFED-3BF72AA9322E}.Release|x86.Build.0 = Release|x86
		{3A8512C9-59E4-4312-A718-F47F40A5F494}.Debug|Any CPU.ActiveCfg = Debug|Any CPU
		{3A8512C9-59E4-4312-A718-F47F40A5F494}.Debug|Any CPU.Build.0 = Debug|Any CPU
		{3A8512C9-59E4-4312-A718-F47F40A5F494}.Debug|Mixed Platforms.ActiveCfg = Debug|Any CPU
		{3A8512C9-59E4-4312-A718-F47F40A5F494}.Debug|Mixed Platforms.Build.0 = Debug|Any CPU
		{3A8512C9-59E4-4312-A718-F47F40A5F494}.Debug|x86.ActiveCfg = Debug|Any CPU
		{3A8512C9-59E4-4312-A718-F47F40A5F494}.Release|Any CPU.ActiveCfg = Release|Any CPU
		{3A8512C9-59E4-4312-A718-F47F40A5F494}.Release|Any CPU.Build.0 = Release|Any CPU
		{3A8512C9-59E4-4312-A718-F47F40A5F494}.Release|Mixed Platforms.ActiveCfg = Release|Any CPU
		{3A8512C9-59E4-4312-A718-F47F40A5F494}.Release|Mixed Platforms.Build.0 = Release|Any CPU
		{3A8512C9-59E4-4312-A718-F47F40A5F494}.Release|x86.ActiveCfg = Release|Any CPU
		{3A8512C9-59E4-4312-A718-F47F40A5F494}.Release|x86.Build.0 = Release|Any CPU
		{3FA1FB15-E7EF-44A3-A4FA-DFFC33F85417}.Debug|Any CPU.ActiveCfg = Debug|Any CPU
		{3FA1FB15-E7EF-44A3-A4FA-DFFC33F85417}.Debug|Any CPU.Build.0 = Debug|Any CPU
		{3FA1FB15-E7EF-44A3-A4FA-DFFC33F85417}.Debug|Mixed Platforms.ActiveCfg = Debug|Any CPU
		{3FA1FB15-E7EF-44A3-A4FA-DFFC33F85417}.Debug|Mixed Platforms.Build.0 = Debug|Any CPU
		{3FA1FB15-E7EF-44A3-A4FA-DFFC33F85417}.Debug|x86.ActiveCfg = Debug|Any CPU
		{3FA1FB15-E7EF-44A3-A4FA-DFFC33F85417}.Release|Any CPU.ActiveCfg = Release|Any CPU
		{3FA1FB15-E7EF-44A3-A4FA-DFFC33F85417}.Release|Any CPU.Build.0 = Release|Any CPU
		{3FA1FB15-E7EF-44A3-A4FA-DFFC33F85417}.Release|Mixed Platforms.ActiveCfg = Release|Any CPU
		{3FA1FB15-E7EF-44A3-A4FA-DFFC33F85417}.Release|Mixed Platforms.Build.0 = Release|Any CPU
		{3FA1FB15-E7EF-44A3-A4FA-DFFC33F85417}.Release|x86.ActiveCfg = Release|Any CPU
		{3FA1FB15-E7EF-44A3-A4FA-DFFC33F85417}.Release|x86.Build.0 = Release|Any CPU
		{600EB8F7-0534-459E-9C8A-6D7FBA0EB82B}.Debug|Any CPU.ActiveCfg = Debug|Any CPU
		{600EB8F7-0534-459E-9C8A-6D7FBA0EB82B}.Debug|Any CPU.Build.0 = Debug|Any CPU
		{600EB8F7-0534-459E-9C8A-6D7FBA0EB82B}.Debug|Mixed Platforms.ActiveCfg = Debug|Any CPU
		{600EB8F7-0534-459E-9C8A-6D7FBA0EB82B}.Debug|Mixed Platforms.Build.0 = Debug|Any CPU
		{600EB8F7-0534-459E-9C8A-6D7FBA0EB82B}.Debug|x86.ActiveCfg = Debug|x86
		{600EB8F7-0534-459E-9C8A-6D7FBA0EB82B}.Debug|x86.Build.0 = Debug|x86
		{600EB8F7-0534-459E-9C8A-6D7FBA0EB82B}.Release|Any CPU.ActiveCfg = Release|Any CPU
		{600EB8F7-0534-459E-9C8A-6D7FBA0EB82B}.Release|Any CPU.Build.0 = Release|Any CPU
		{600EB8F7-0534-459E-9C8A-6D7FBA0EB82B}.Release|Mixed Platforms.ActiveCfg = Release|Any CPU
		{600EB8F7-0534-459E-9C8A-6D7FBA0EB82B}.Release|Mixed Platforms.Build.0 = Release|Any CPU
		{600EB8F7-0534-459E-9C8A-6D7FBA0EB82B}.Release|x86.ActiveCfg = Release|x86
		{600EB8F7-0534-459E-9C8A-6D7FBA0EB82B}.Release|x86.Build.0 = Release|x86
		{65A6037C-A629-4884-A94E-E91B4591AA45}.Debug|Any CPU.ActiveCfg = Debug|Any CPU
		{65A6037C-A629-4884-A94E-E91B4591AA45}.Debug|Any CPU.Build.0 = Debug|Any CPU
		{65A6037C-A629-4884-A94E-E91B4591AA45}.Debug|Mixed Platforms.ActiveCfg = Debug|Any CPU
		{65A6037C-A629-4884-A94E-E91B4591AA45}.Debug|Mixed Platforms.Build.0 = Debug|Any CPU
		{65A6037C-A629-4884-A94E-E91B4591AA45}.Debug|x86.ActiveCfg = Debug|Any CPU
		{65A6037C-A629-4884-A94E-E91B4591AA45}.Release|Any CPU.ActiveCfg = Release|Any CPU
		{65A6037C-A629-4884-A94E-E91B4591AA45}.Release|Any CPU.Build.0 = Release|Any CPU
		{65A6037C-A629-4884-A94E-E91B4591AA45}.Release|Mixed Platforms.ActiveCfg = Release|Any CPU
		{65A6037C-A629-4884-A94E-E91B4591AA45}.Release|Mixed Platforms.Build.0 = Release|Any CPU
		{65A6037C-A629-4884-A94E-E91B4591AA45}.Release|x86.ActiveCfg = Release|Any CPU
		{9845AA6F-4B25-4685-9554-148376A73561}.Debug|Any CPU.ActiveCfg = Debug|Any CPU
		{9845AA6F-4B25-4685-9554-148376A73561}.Debug|Any CPU.Build.0 = Debug|Any CPU
		{9845AA6F-4B25-4685-9554-148376A73561}.Debug|Mixed Platforms.ActiveCfg = Debug|Any CPU
		{9845AA6F-4B25-4685-9554-148376A73561}.Debug|Mixed Platforms.Build.0 = Debug|Any CPU
		{9845AA6F-4B25-4685-9554-148376A73561}.Debug|x86.ActiveCfg = Debug|Any CPU
		{9845AA6F-4B25-4685-9554-148376A73561}.Release|Any CPU.ActiveCfg = Release|Any CPU
		{9845AA6F-4B25-4685-9554-148376A73561}.Release|Any CPU.Build.0 = Release|Any CPU
		{9845AA6F-4B25-4685-9554-148376A73561}.Release|Mixed Platforms.ActiveCfg = Release|Any CPU
		{9845AA6F-4B25-4685-9554-148376A73561}.Release|Mixed Platforms.Build.0 = Release|Any CPU
		{9845AA6F-4B25-4685-9554-148376A73561}.Release|x86.ActiveCfg = Release|Any CPU
		{DA9AA2D5-19C7-4F1C-82FA-7396A6F84668}.Debug|Any CPU.ActiveCfg = Debug|Any CPU
		{DA9AA2D5-19C7-4F1C-82FA-7396A6F84668}.Debug|Any CPU.Build.0 = Debug|Any CPU
		{DA9AA2D5-19C7-4F1C-82FA-7396A6F84668}.Debug|Mixed Platforms.ActiveCfg = Debug|Any CPU
		{DA9AA2D5-19C7-4F1C-82FA-7396A6F84668}.Debug|Mixed Platforms.Build.0 = Debug|Any CPU
		{DA9AA2D5-19C7-4F1C-82FA-7396A6F84668}.Debug|x86.ActiveCfg = Debug|Any CPU
		{DA9AA2D5-19C7-4F1C-82FA-7396A6F84668}.Debug|x86.Build.0 = Debug|Any CPU
		{DA9AA2D5-19C7-4F1C-82FA-7396A6F84668}.Release|Any CPU.ActiveCfg = Release|Any CPU
		{DA9AA2D5-19C7-4F1C-82FA-7396A6F84668}.Release|Any CPU.Build.0 = Release|Any CPU
		{DA9AA2D5-19C7-4F1C-82FA-7396A6F84668}.Release|Mixed Platforms.ActiveCfg = Release|Any CPU
		{DA9AA2D5-19C7-4F1C-82FA-7396A6F84668}.Release|Mixed Platforms.Build.0 = Release|Any CPU
		{DA9AA2D5-19C7-4F1C-82FA-7396A6F84668}.Release|x86.ActiveCfg = Release|Any CPU
		{DA9AA2D5-19C7-4F1C-82FA-7396A6F84668}.Release|x86.Build.0 = Release|Any CPU
	EndGlobalSection
	GlobalSection(SolutionProperties) = preSolution
		HideSolutionNode = FALSE
	EndGlobalSection
	GlobalSection(NestedProjects) = preSolution
		{1AA033D4-C1B0-4653-BA2F-672A79B207CE} = {C22E2827-1085-47A2-AC30-512CCED6ED54}
		{3D9A65BD-CC42-4A73-8816-3E01E0C4B09F} = {3B688834-9A51-4C86-B1B5-40F5B9F9CC74}
		{C8E25003-9BC6-4807-8909-01E937A235D5} = {3B688834-9A51-4C86-B1B5-40F5B9F9CC74}
		{6A9A39B2-3BDA-4BE0-98A4-6F2AB3F51B7F} = {C8E25003-9BC6-4807-8909-01E937A235D5}
		{2F77B6CE-2D2D-4E67-A7BD-38E896A52931} = {C8E25003-9BC6-4807-8909-01E937A235D5}
		{EF7D12D4-A2B8-47C6-B93D-5264191892C8} = {C8E25003-9BC6-4807-8909-01E937A235D5}
		{CF9FA3A5-E8E8-45FD-A12C-29C56703AFED} = {3B688834-9A51-4C86-B1B5-40F5B9F9CC74}
		{44C828D4-02D6-413C-BFED-3BF72AA9322E} = {FBF79749-6EAB-4021-96DE-8330D74F54EE}
		{3A8512C9-59E4-4312-A718-F47F40A5F494} = {3B688834-9A51-4C86-B1B5-40F5B9F9CC74}
		{3FA1FB15-E7EF-44A3-A4FA-DFFC33F85417} = {3B688834-9A51-4C86-B1B5-40F5B9F9CC74}
		{600EB8F7-0534-459E-9C8A-6D7FBA0EB82B} = {C22E2827-1085-47A2-AC30-512CCED6ED54}
		{65A6037C-A629-4884-A94E-E91B4591AA45} = {3B688834-9A51-4C86-B1B5-40F5B9F9CC74}
		{9845AA6F-4B25-4685-9554-148376A73561} = {C22E2827-1085-47A2-AC30-512CCED6ED54}
		{DA9AA2D5-19C7-4F1C-82FA-7396A6F84668} = {C22E2827-1085-47A2-AC30-512CCED6ED54}
		{C22E2827-1085-47A2-AC30-512CCED6ED54} = {3B688834-9A51-4C86-B1B5-40F5B9F9CC74}
	EndGlobalSection
EndGlobal
